
Microsoft Visual Studio Solution File, Format Version 12.00
# Visual Studio 15
VisualStudioVersion = 15.0.28010.2026
MinimumVisualStudioVersion = 10.0.40219.1
Project("{9A19103F-16F7-4668-BE54-9A1E7A4F7556}") = "PosApi", "PosApi\PosApi.csproj", "{1319B9FD-D22A-493B-B381-E7762F8F541F}"
EndProject
Project("{FAE04EC0-301F-11D3-BF4B-00C04F79EFBC}") = "Data", "Data\Data.csproj", "{4C5BF480-3405-40CE-862B-C3F8F09E4D4D}"
EndProject
Global
	GlobalSection(SolutionConfigurationPlatforms) = preSolution
		Debug|Any CPU = Debug|Any CPU
		Release|Any CPU = Release|Any CPU
	EndGlobalSection
	GlobalSection(ProjectConfigurationPlatforms) = postSolution
		{1319B9FD-D22A-493B-B381-E7762F8F541F}.Debug|Any CPU.ActiveCfg = Debug|Any CPU
		{1319B9FD-D22A-493B-B381-E7762F8F541F}.Debug|Any CPU.Build.0 = Debug|Any CPU
		{1319B9FD-D22A-493B-B381-E7762F8F541F}.Release|Any CPU.ActiveCfg = Release|Any CPU
		{1319B9FD-D22A-493B-B381-E7762F8F541F}.Release|Any CPU.Build.0 = Release|Any CPU
		{4C5BF480-3405-40CE-862B-C3F8F09E4D4D}.Debug|Any CPU.ActiveCfg = Debug|Any CPU
		{4C5BF480-3405-40CE-862B-C3F8F09E4D4D}.Debug|Any CPU.Build.0 = Debug|Any CPU
		{4C5BF480-3405-40CE-862B-C3F8F09E4D4D}.Release|Any CPU.ActiveCfg = Release|Any CPU
		{4C5BF480-3405-40CE-862B-C3F8F09E4D4D}.Release|Any CPU.Build.0 = Release|Any CPU
	EndGlobalSection
	GlobalSection(SolutionProperties) = preSolution
		HideSolutionNode = FALSE
	EndGlobalSection
	GlobalSection(ExtensibilityGlobals) = postSolution
		SolutionGuid = {BE44BF8E-058D-4E59-B01B-765DA3709C6C}
	EndGlobalSection
EndGlobal
